
Microsoft Visual Studio Solution File, Format Version 12.00
# Visual Studio Version 17
VisualStudioVersion = 17.9.34701.34
MinimumVisualStudioVersion = 10.0.40219.1
Project("{8BC9CEB8-8B4A-11D0-8D11-00A0C91BC942}") = "ucp1Procedural", "ucp1Procedural\ucp1Procedural.vcxproj", "{B5BE5140-064C-4E58-8FAA-9AA30060DD3D}"
EndProject
Global
	GlobalSection(SolutionConfigurationPlatforms) = preSolution
		Debug|x64 = Debug|x64
		Debug|x86 = Debug|x86
		Release|x64 = Release|x64
		Release|x86 = Release|x86
	EndGlobalSection
	GlobalSection(ProjectConfigurationPlatforms) = postSolution
		{B5BE5140-064C-4E58-8FAA-9AA30060DD3D}.Debug|x64.ActiveCfg = Debug|x64
		{B5BE5140-064C-4E58-8FAA-9AA30060DD3D}.Debug|x64.Build.0 = Debug|x64
		{B5BE5140-064C-4E58-8FAA-9AA30060DD3D}.Debug|x86.ActiveCfg = Debug|Win32
		{B5BE5140-064C-4E58-8FAA-9AA30060DD3D}.Debug|x86.Build.0 = Debug|Win32
		{B5BE5140-064C-4E58-8FAA-9AA30060DD3D}.Release|x64.ActiveCfg = Release|x64
		{B5BE5140-064C-4E58-8FAA-9AA30060DD3D}.Release|x64.Build.0 = Release|x64
		{B5BE5140-064C-4E58-8FAA-9AA30060DD3D}.Release|x86.ActiveCfg = Release|Win32
		{B5BE5140-064C-4E58-8FAA-9AA30060DD3D}.Release|x86.Build.0 = Release|Win32
	EndGlobalSection
	GlobalSection(SolutionProperties) = preSolution
		HideSolutionNode = FALSE
	EndGlobalSection
	GlobalSection(ExtensibilityGlobals) = postSolution
		SolutionGuid = {2E78BF0E-5F3C-4AA6-8D56-139D7260A89C}
	EndGlobalSection
EndGlobal
